lockfileVersion: '9.0'

settings:
  autoInstallPeers: true
  excludeLinksFromLockfile: false

importers:

  .:
    dependencies:
      '@fontsource/roboto':
        specifier: ^5.0.13
        version: 5.0.13

packages:

  '@fontsource/roboto@5.0.13':
    resolution: {integrity: sha512-j61DHjsdUCKMXSdNLTOxcG701FWnF0jcqNNQi2iPCDxU8seN/sMxeh62dC++UiagCWq9ghTypX+Pcy7kX+QOeQ==}

snapshots:

  '@fontsource/roboto@5.0.13': {}
